
Microsoft Visual Studio Solution File, Format Version 12.00
# Visual Studio 15
VisualStudioVersion = 15.0.28010.2048
MinimumVisualStudioVersion = 10.0.40219.1
Project("{FAE04EC0-301F-11D3-BF4B-00C04F79EFBC}") = "тимп33", "тимп33\тимп33.csproj", "{2979BD17-4284-4600-B24E-C898A6753197}"
EndProject
Project("{FAE04EC0-301F-11D3-BF4B-00C04F79EFBC}") = "тимп33Test", "тимп33Test\тимп33Test.csproj", "{31EAE52B-0DDA-4E34-8DE6-9708C1B1B36F}"
EndProject
Global
	GlobalSection(SolutionConfigurationPlatforms) = preSolution
		Debug|Any CPU = Debug|Any CPU
		Release|Any CPU = Release|Any CPU
	EndGlobalSection
	GlobalSection(ProjectConfigurationPlatforms) = postSolution
		{2979BD17-4284-4600-B24E-C898A6753197}.Debug|Any CPU.ActiveCfg = Debug|Any CPU
		{2979BD17-4284-4600-B24E-C898A6753197}.Debug|Any CPU.Build.0 = Debug|Any CPU
		{2979BD17-4284-4600-B24E-C898A6753197}.Release|Any CPU.ActiveCfg = Release|Any CPU
		{2979BD17-4284-4600-B24E-C898A6753197}.Release|Any CPU.Build.0 = Release|Any CPU
		{31EAE52B-0DDA-4E34-8DE6-9708C1B1B36F}.Debug|Any CPU.ActiveCfg = Debug|Any CPU
		{31EAE52B-0DDA-4E34-8DE6-9708C1B1B36F}.Debug|Any CPU.Build.0 = Debug|Any CPU
		{31EAE52B-0DDA-4E34-8DE6-9708C1B1B36F}.Release|Any CPU.ActiveCfg = Release|Any CPU
		{31EAE52B-0DDA-4E34-8DE6-9708C1B1B36F}.Release|Any CPU.Build.0 = Release|Any CPU
	EndGlobalSection
	GlobalSection(SolutionProperties) = preSolution
		HideSolutionNode = FALSE
	EndGlobalSection
	GlobalSection(ExtensibilityGlobals) = postSolution
		SolutionGuid = {68F5C2C1-7095-4253-B13F-5714E7E29076}
	EndGlobalSection
EndGlobal
