
Microsoft Visual Studio Solution File, Format Version 12.00
# Visual Studio 15
VisualStudioVersion = 15.0.28010.2048
MinimumVisualStudioVersion = 10.0.40219.1
Project("{FAE04EC0-301F-11D3-BF4B-00C04F79EFBC}") = "тимп4", "тимп4\тимп4.csproj", "{8146F63F-0F91-4E76-8290-D4134C1DB440}"
EndProject
Project("{FAE04EC0-301F-11D3-BF4B-00C04F79EFBC}") = "тимп4Test", "тимп4Test\тимп4Test.csproj", "{ECA421D4-7E24-447F-9385-7B18A8FB9309}"
EndProject
Global
	GlobalSection(SolutionConfigurationPlatforms) = preSolution
		Debug|Any CPU = Debug|Any CPU
		Release|Any CPU = Release|Any CPU
	EndGlobalSection
	GlobalSection(ProjectConfigurationPlatforms) = postSolution
		{8146F63F-0F91-4E76-8290-D4134C1DB440}.Debug|Any CPU.ActiveCfg = Debug|Any CPU
		{8146F63F-0F91-4E76-8290-D4134C1DB440}.Debug|Any CPU.Build.0 = Debug|Any CPU
		{8146F63F-0F91-4E76-8290-D4134C1DB440}.Release|Any CPU.ActiveCfg = Release|Any CPU
		{8146F63F-0F91-4E76-8290-D4134C1DB440}.Release|Any CPU.Build.0 = Release|Any CPU
		{ECA421D4-7E24-447F-9385-7B18A8FB9309}.Debug|Any CPU.ActiveCfg = Debug|Any CPU
		{ECA421D4-7E24-447F-9385-7B18A8FB9309}.Debug|Any CPU.Build.0 = Debug|Any CPU
		{ECA421D4-7E24-447F-9385-7B18A8FB9309}.Release|Any CPU.ActiveCfg = Release|Any CPU
		{ECA421D4-7E24-447F-9385-7B18A8FB9309}.Release|Any CPU.Build.0 = Release|Any CPU
	EndGlobalSection
	GlobalSection(SolutionProperties) = preSolution
		HideSolutionNode = FALSE
	EndGlobalSection
	GlobalSection(ExtensibilityGlobals) = postSolution
		SolutionGuid = {5D007BEC-943C-4F4B-9124-E3035072C4F1}
	EndGlobalSection
EndGlobal
